
Microsoft Visual Studio Solution File, Format Version 12.00
# Visual Studio 15
VisualStudioVersion = 15.0.28307.136
MinimumVisualStudioVersion = 10.0.40219.1
Project("{FAE04EC0-301F-11D3-BF4B-00C04F79EFBC}") = "Q101.ExcelLoader", "Q101.ExcelLoader\Q101.ExcelLoader.csproj", "{8BECDEAF-7C0B-448B-B4DC-75BBE44D2464}"
EndProject
Global
	GlobalSection(SolutionConfigurationPlatforms) = preSolution
		Debug|Any CPU = Debug|Any CPU
		Release|Any CPU = Release|Any CPU
	EndGlobalSection
	GlobalSection(ProjectConfigurationPlatforms) = postSolution
		{8BECDEAF-7C0B-448B-B4DC-75BBE44D2464}.Debug|Any CPU.ActiveCfg = Debug|Any CPU
		{8BECDEAF-7C0B-448B-B4DC-75BBE44D2464}.Debug|Any CPU.Build.0 = Debug|Any CPU
		{8BECDEAF-7C0B-448B-B4DC-75BBE44D2464}.Release|Any CPU.ActiveCfg = Release|Any CPU
		{8BECDEAF-7C0B-448B-B4DC-75BBE44D2464}.Release|Any CPU.Build.0 = Release|Any CPU
	EndGlobalSection
	GlobalSection(SolutionProperties) = preSolution
		HideSolutionNode = FALSE
	EndGlobalSection
	GlobalSection(ExtensibilityGlobals) = postSolution
		SolutionGuid = {A9083010-48A5-4248-A40F-DA85598F4670}
	EndGlobalSection
EndGlobal
